
Microsoft Visual Studio Solution File, Format Version 12.00
# Visual Studio 15
VisualStudioVersion = 15.0.27130.2027
MinimumVisualStudioVersion = 10.0.40219.1
Project("{9A19103F-16F7-4668-BE54-9A1E7A4F7556}") = "SportsStore", "SportsStore.csproj", "{08059935-A020-4EA4-A128-CDD30ACB3A71}"
EndProject
Global
	GlobalSection(SolutionConfigurationPlatforms) = preSolution
		Debug|Any CPU = Debug|Any CPU
		Release|Any CPU = Release|Any CPU
	EndGlobalSection
	GlobalSection(ProjectConfigurationPlatforms) = postSolution
		{08059935-A020-4EA4-A128-CDD30ACB3A71}.Debug|Any CPU.ActiveCfg = Debug|Any CPU
		{08059935-A020-4EA4-A128-CDD30ACB3A71}.Debug|Any CPU.Build.0 = Debug|Any CPU
		{08059935-A020-4EA4-A128-CDD30ACB3A71}.Release|Any CPU.ActiveCfg = Release|Any CPU
		{08059935-A020-4EA4-A128-CDD30ACB3A71}.Release|Any CPU.Build.0 = Release|Any CPU
	EndGlobalSection
	GlobalSection(SolutionProperties) = preSolution
		HideSolutionNode = FALSE
	EndGlobalSection
	GlobalSection(ExtensibilityGlobals) = postSolution
		SolutionGuid = {08FF3F6D-28B9-40A2-9A07-B37FCA2AFF50}
	EndGlobalSection
EndGlobal
