
Microsoft Visual Studio Solution File, Format Version 12.00
# Visual Studio 2013
VisualStudioVersion = 12.0.31101.0
MinimumVisualStudioVersion = 10.0.40219.1
Project("{FAE04EC0-301F-11D3-BF4B-00C04F79EFBC}") = "UrlsAndRoutes", "UrlsAndRoutes\UrlsAndRoutes.csproj", "{7F078F53-106E-44BD-B4E0-32395B6798E8}"
EndProject
Project("{FAE04EC0-301F-11D3-BF4B-00C04F79EFBC}") = "UrlsAndRoutes.Tests", "UrlsAndRoutes.Tests\UrlsAndRoutes.Tests.csproj", "{F5AB951B-27FF-4628-9BA7-39C020A1B8BA}"
EndProject
Global
	GlobalSection(SolutionConfigurationPlatforms) = preSolution
		Debug|Any CPU = Debug|Any CPU
		Release|Any CPU = Release|Any CPU
	EndGlobalSection
	GlobalSection(ProjectConfigurationPlatforms) = postSolution
		{7F078F53-106E-44BD-B4E0-32395B6798E8}.Debug|Any CPU.ActiveCfg = Debug|Any CPU
		{7F078F53-106E-44BD-B4E0-32395B6798E8}.Debug|Any CPU.Build.0 = Debug|Any CPU
		{7F078F53-106E-44BD-B4E0-32395B6798E8}.Release|Any CPU.ActiveCfg = Release|Any CPU
		{7F078F53-106E-44BD-B4E0-32395B6798E8}.Release|Any CPU.Build.0 = Release|Any CPU
		{F5AB951B-27FF-4628-9BA7-39C020A1B8BA}.Debug|Any CPU.ActiveCfg = Debug|Any CPU
		{F5AB951B-27FF-4628-9BA7-39C020A1B8BA}.Debug|Any CPU.Build.0 = Debug|Any CPU
		{F5AB951B-27FF-4628-9BA7-39C020A1B8BA}.Release|Any CPU.ActiveCfg = Release|Any CPU
		{F5AB951B-27FF-4628-9BA7-39C020A1B8BA}.Release|Any CPU.Build.0 = Release|Any CPU
	EndGlobalSection
	GlobalSection(SolutionProperties) = preSolution
		HideSolutionNode = FALSE
	EndGlobalSection
EndGlobal
